
Microsoft Visual Studio Solution File, Format Version 12.00
# Visual Studio Version 17
VisualStudioVersion = 17.7.34221.43
MinimumVisualStudioVersion = 10.0.40219.1
Project("{FAE04EC0-301F-11D3-BF4B-00C04F79EFBC}") = "ConAppAssignment21Part1", "ConAppAssignment21Part1\ConAppAssignment21Part1.csproj", "{9E5ACE63-B15B-4296-B62F-DEA7867520CB}"
EndProject
Global
	GlobalSection(SolutionConfigurationPlatforms) = preSolution
		Debug|Any CPU = Debug|Any CPU
		Release|Any CPU = Release|Any CPU
	EndGlobalSection
	GlobalSection(ProjectConfigurationPlatforms) = postSolution
		{9E5ACE63-B15B-4296-B62F-DEA7867520CB}.Debug|Any CPU.ActiveCfg = Debug|Any CPU
		{9E5ACE63-B15B-4296-B62F-DEA7867520CB}.Debug|Any CPU.Build.0 = Debug|Any CPU
		{9E5ACE63-B15B-4296-B62F-DEA7867520CB}.Release|Any CPU.ActiveCfg = Release|Any CPU
		{9E5ACE63-B15B-4296-B62F-DEA7867520CB}.Release|Any CPU.Build.0 = Release|Any CPU
	EndGlobalSection
	GlobalSection(SolutionProperties) = preSolution
		HideSolutionNode = FALSE
	EndGlobalSection
	GlobalSection(ExtensibilityGlobals) = postSolution
		SolutionGuid = {82C5A4E3-3D66-4AA2-9946-8DF22BFA7104}
	EndGlobalSection
EndGlobal
